
Microsoft Visual Studio Solution File, Format Version 12.00
# Visual Studio Version 17
VisualStudioVersion = 17.0.31919.166
MinimumVisualStudioVersion = 10.0.40219.1
Project("{FAE04EC0-301F-11D3-BF4B-00C04F79EFBC}") = "Calculator++", "Calculator++\Calculator++.csproj", "{522B2066-45DF-4995-ADBD-045738D72AC2}"
EndProject
Global
	GlobalSection(SolutionConfigurationPlatforms) = preSolution
		Debug|Any CPU = Debug|Any CPU
		Release|Any CPU = Release|Any CPU
	EndGlobalSection
	GlobalSection(ProjectConfigurationPlatforms) = postSolution
		{522B2066-45DF-4995-ADBD-045738D72AC2}.Debug|Any CPU.ActiveCfg = Debug|Any CPU
		{522B2066-45DF-4995-ADBD-045738D72AC2}.Debug|Any CPU.Build.0 = Debug|Any CPU
		{522B2066-45DF-4995-ADBD-045738D72AC2}.Release|Any CPU.ActiveCfg = Release|Any CPU
		{522B2066-45DF-4995-ADBD-045738D72AC2}.Release|Any CPU.Build.0 = Release|Any CPU
	EndGlobalSection
	GlobalSection(SolutionProperties) = preSolution
		HideSolutionNode = FALSE
	EndGlobalSection
	GlobalSection(ExtensibilityGlobals) = postSolution
		SolutionGuid = {BF198C2E-D483-48F3-9457-A95490085B0B}
	EndGlobalSection
EndGlobal
